# THIS IS AN AUTOGENERATED FILE. DO NOT EDIT THIS FILE DIRECTLY.
# yarn lockfile v1


complex@^3.0.1:
  version "3.0.1"
  resolved "https://registry.yarnpkg.com/complex/-/complex-3.0.1.tgz#4d2de0981eb595c2a0b6016bf01ff09cf6b7fcac"
  integrity sha1-TS3gmB61lcKgtgFr8B/wnPa3/Kw=

fast-complex@^0.1.0:
  version "0.1.0"
  resolved "https://registry.yarnpkg.com/fast-complex/-/fast-complex-0.1.0.tgz#d4e8ed7612991da493f84fb622cbc8c196860223"
  integrity sha512-bs2OIuGHw60gbcWbSMihK42Ks3JRg7V1Fb00YMOWupEsAhpQCIjfkPWMS4zfGlNgD4ycgRZsRA325YVfen+DEw==
